
Microsoft Visual Studio Solution File, Format Version 12.00
# Visual Studio Version 17
VisualStudioVersion = 17.0.31612.314
MinimumVisualStudioVersion = 10.0.40219.1
Project("{9A19103F-16F7-4668-BE54-9A1E7A4F7556}") = "ChamaSubAPI", "src\ChamaSubAPI\ChamaSubAPI.csproj", "{6FBAF0F7-7AA3-492C-A627-9C86A1D76D18}"
EndProject
Project("{2150E333-8FDC-42A3-9474-1A3956D46DE8}") = "Services", "Services", "{D9151E25-4684-44CE-B0B9-7DA370D46A4E}"
EndProject
Project("{9A19103F-16F7-4668-BE54-9A1E7A4F7556}") = "ChamaSubscription.Domain", "src\ChamaSubscription.Domain\ChamaSubscription.Domain.csproj", "{E2D26F23-9D70-4331-B64E-D166CB31C963}"
EndProject
Project("{9A19103F-16F7-4668-BE54-9A1E7A4F7556}") = "ChamaSubscription.Domain.Framework", "src\ChamaSubscription.Domain.Framework\ChamaSubscription.Domain.Framework.csproj", "{9BADD29E-FCD4-4AD3-9686-F314BD8ED402}"
EndProject
Project("{9A19103F-16F7-4668-BE54-9A1E7A4F7556}") = "ChamaSubscription.Infrastructure", "src\ChamaSubscription.Infrastructure\ChamaSubscription.Infrastructure.csproj", "{33BA29AC-005B-4082-ACD5-69DD9538A442}"
EndProject
Project("{9A19103F-16F7-4668-BE54-9A1E7A4F7556}") = "ChamaSubscription.Infrastructure.DI", "src\ChamaSubscription.Infrastructure.DI\ChamaSubscription.Infrastructure.DI.csproj", "{7C5956E2-F547-4484-95A9-919BBC0CF83E}"
EndProject
Project("{2150E333-8FDC-42A3-9474-1A3956D46DE8}") = "WebAPI", "WebAPI", "{6260C23C-B883-413E-A6DB-601B0814DF8E}"
EndProject
Global
	GlobalSection(SolutionConfigurationPlatforms) = preSolution
		Debug|Any CPU = Debug|Any CPU
		Release|Any CPU = Release|Any CPU
	EndGlobalSection
	GlobalSection(ProjectConfigurationPlatforms) = postSolution
		{6FBAF0F7-7AA3-492C-A627-9C86A1D76D18}.Debug|Any CPU.ActiveCfg = Debug|Any CPU
		{6FBAF0F7-7AA3-492C-A627-9C86A1D76D18}.Debug|Any CPU.Build.0 = Debug|Any CPU
		{6FBAF0F7-7AA3-492C-A627-9C86A1D76D18}.Release|Any CPU.ActiveCfg = Release|Any CPU
		{6FBAF0F7-7AA3-492C-A627-9C86A1D76D18}.Release|Any CPU.Build.0 = Release|Any CPU
		{E2D26F23-9D70-4331-B64E-D166CB31C963}.Debug|Any CPU.ActiveCfg = Debug|Any CPU
		{E2D26F23-9D70-4331-B64E-D166CB31C963}.Debug|Any CPU.Build.0 = Debug|Any CPU
		{E2D26F23-9D70-4331-B64E-D166CB31C963}.Release|Any CPU.ActiveCfg = Release|Any CPU
		{E2D26F23-9D70-4331-B64E-D166CB31C963}.Release|Any CPU.Build.0 = Release|Any CPU
		{9BADD29E-FCD4-4AD3-9686-F314BD8ED402}.Debug|Any CPU.ActiveCfg = Debug|Any CPU
		{9BADD29E-FCD4-4AD3-9686-F314BD8ED402}.Debug|Any CPU.Build.0 = Debug|Any CPU
		{9BADD29E-FCD4-4AD3-9686-F314BD8ED402}.Release|Any CPU.ActiveCfg = Release|Any CPU
		{9BADD29E-FCD4-4AD3-9686-F314BD8ED402}.Release|Any CPU.Build.0 = Release|Any CPU
		{33BA29AC-005B-4082-ACD5-69DD9538A442}.Debug|Any CPU.ActiveCfg = Debug|Any CPU
		{33BA29AC-005B-4082-ACD5-69DD9538A442}.Debug|Any CPU.Build.0 = Debug|Any CPU
		{33BA29AC-005B-4082-ACD5-69DD9538A442}.Release|Any CPU.ActiveCfg = Release|Any CPU
		{33BA29AC-005B-4082-ACD5-69DD9538A442}.Release|Any CPU.Build.0 = Release|Any CPU
		{7C5956E2-F547-4484-95A9-919BBC0CF83E}.Debug|Any CPU.ActiveCfg = Debug|Any CPU
		{7C5956E2-F547-4484-95A9-919BBC0CF83E}.Debug|Any CPU.Build.0 = Debug|Any CPU
		{7C5956E2-F547-4484-95A9-919BBC0CF83E}.Release|Any CPU.ActiveCfg = Release|Any CPU
		{7C5956E2-F547-4484-95A9-919BBC0CF83E}.Release|Any CPU.Build.0 = Release|Any CPU
	EndGlobalSection
	GlobalSection(SolutionProperties) = preSolution
		HideSolutionNode = FALSE
	EndGlobalSection
	GlobalSection(NestedProjects) = preSolution
		{6FBAF0F7-7AA3-492C-A627-9C86A1D76D18} = {6260C23C-B883-413E-A6DB-601B0814DF8E}
		{E2D26F23-9D70-4331-B64E-D166CB31C963} = {D9151E25-4684-44CE-B0B9-7DA370D46A4E}
		{9BADD29E-FCD4-4AD3-9686-F314BD8ED402} = {D9151E25-4684-44CE-B0B9-7DA370D46A4E}
		{33BA29AC-005B-4082-ACD5-69DD9538A442} = {D9151E25-4684-44CE-B0B9-7DA370D46A4E}
		{7C5956E2-F547-4484-95A9-919BBC0CF83E} = {D9151E25-4684-44CE-B0B9-7DA370D46A4E}
	EndGlobalSection
	GlobalSection(ExtensibilityGlobals) = postSolution
		SolutionGuid = {0110ED8A-BB88-4033-8525-46B81872F104}
	EndGlobalSection
EndGlobal
